// !$*UTF8*$!
{
	archiveVersion = 1;
	classes = {
	};
	objectVersion = 48;
	objects = {

/* Begin PBXBuildFile section */
		DDB8139A1FD56CC60020BD8E /* CryptoTransformerTests.swift in Sources */ = {isa = PBXBuildFile; fileRef = DDB813991FD56CC60020BD8E /* CryptoTransformerTests.swift */; };
		DDB813A41FD58A120020BD8E /* KeychainAccess.framework in Frameworks */ = {isa = PBXBuildFile; fileRef = DDB813A31FD58A120020BD8E /* KeychainAccess.framework */; };
		DDB813A61FD58A580020BD8E /* KeychainManager.swift in Sources */ = {isa = PBXBuildFile; fileRef = DDB813A51FD58A580020BD8E /* KeychainManager.swift */; };
		DDD654381FCEDB4900737784 /* AppDelegate.swift in Sources */ = {isa = PBXBuildFile; fileRef = DDD654371FCEDB4900737784 /* AppDelegate.swift */; };
		DDD6543A1FCEDB4900737784 /* ViewController.swift in Sources */ = {isa = PBXBuildFile; fileRef = DDD654391FCEDB4900737784 /* ViewController.swift */; };
		DDD6543D1FCEDB4900737784 /* Main.storyboard in Resources */ = {isa = PBXBuildFile; fileRef = DDD6543B1FCEDB4900737784 /* Main.storyboard */; };
		DDD6543F1FCEDB4900737784 /* Assets.xcassets in Resources */ = {isa = PBXBuildFile; fileRef = DDD6543E1FCEDB4900737784 /* Assets.xcassets */; };
		DDD654421FCEDB4900737784 /* LaunchScreen.storyboard in Resources */ = {isa = PBXBuildFile; fileRef = DDD654401FCEDB4900737784 /* LaunchScreen.storyboard */; };
		DDD6544A1FCEDBC400737784 /* EncryptionValueTransformer.swift in Sources */ = {isa = PBXBuildFile; fileRef = DDD654491FCEDBC400737784 /* EncryptionValueTransformer.swift */; };
		DDD654521FCEDDED00737784 /* IDZSwiftCommonCrypto.framework in Frameworks */ = {isa = PBXBuildFile; fileRef = DDD654511FCEDDEC00737784 /* IDZSwiftCommonCrypto.framework */; };
/* End PBXBuildFile section */

/* Begin PBXContainerItemProxy section */
		DDB8139C1FD56CC60020BD8E /* PBXContainerItemProxy */ = {
			isa = PBXContainerItemProxy;
			containerPortal = DDD6542C1FCEDB4900737784 /* Project object */;
			proxyType = 1;
			remoteGlobalIDString = DDD654331FCEDB4900737784;
			remoteInfo = TestApp;
		};
/* End PBXContainerItemProxy section */

/* Begin PBXFileReference section */
		DDB813971FD56CC60020BD8E /* TestAppTests.xctest */ = {isa = PBXFileReference; explicitFileType = wrapper.cfbundle; includeInIndex = 0; path = TestAppTests.xctest; sourceTree = BUILT_PRODUCTS_DIR; };
		DDB813991FD56CC60020BD8E /* CryptoTransformerTests.swift */ = {isa = PBXFileReference; lastKnownFileType = sourcecode.swift; path = CryptoTransformerTests.swift; sourceTree = "<group>"; };
		DDB8139B1FD56CC60020BD8E /* Info.plist */ = {isa = PBXFileReference; lastKnownFileType = text.plist.xml; path = Info.plist; sourceTree = "<group>"; };
		DDB813A31FD58A120020BD8E /* KeychainAccess.framework */ = {isa = PBXFileReference; lastKnownFileType = wrapper.framework; name = KeychainAccess.framework; path = ../Carthage/Build/iOS/KeychainAccess.framework; sourceTree = "<group>"; };
		DDB813A51FD58A580020BD8E /* KeychainManager.swift */ = {isa = PBXFileReference; lastKnownFileType = sourcecode.swift; path = KeychainManager.swift; sourceTree = "<group>"; };
		DDD654341FCEDB4900737784 /* TestApp.app */ = {isa = PBXFileReference; explicitFileType = wrapper.application; includeInIndex = 0; path = TestApp.app; sourceTree = BUILT_PRODUCTS_DIR; };
		DDD654371FCEDB4900737784 /* AppDelegate.swift */ = {isa = PBXFileReference; lastKnownFileType = sourcecode.swift; path = AppDelegate.swift; sourceTree = "<group>"; };
		DDD654391FCEDB4900737784 /* ViewController.swift */ = {isa = PBXFileReference; lastKnownFileType = sourcecode.swift; path = ViewController.swift; sourceTree = "<group>"; };
		DDD6543C1FCEDB4900737784 /* Base */ = {isa = PBXFileReference; lastKnownFileType = file.storyboard; name = Base; path = Base.lproj/Main.storyboard; sourceTree = "<group>"; };
		DDD6543E1FCEDB4900737784 /* Assets.xcassets */ = {isa = PBXFileReference; lastKnownFileType = folder.assetcatalog; path = Assets.xcassets; sourceTree = "<group>"; };
		DDD654411FCEDB4900737784 /* Base */ = {isa = PBXFileReference; lastKnownFileType = file.storyboard; name = Base; path = Base.lproj/LaunchScreen.storyboard; sourceTree = "<group>"; };
		DDD654431FCEDB4900737784 /* Info.plist */ = {isa = PBXFileReference; lastKnownFileType = text.plist.xml; path = Info.plist; sourceTree = "<group>"; };
		DDD654491FCEDBC400737784 /* EncryptionValueTransformer.swift */ = {isa = PBXFileReference; lastKnownFileType = sourcecode.swift; path = EncryptionValueTransformer.swift; sourceTree = "<group>"; };
		DDD654511FCEDDEC00737784 /* IDZSwiftCommonCrypto.framework */ = {isa = PBXFileReference; lastKnownFileType = wrapper.framework; name = IDZSwiftCommonCrypto.framework; path = ../Carthage/Build/iOS/IDZSwiftCommonCrypto.framework; sourceTree = "<group>"; };
/* End PBXFileReference section */

/* Begin PBXFrameworksBuildPhase section */
		DDB813941FD56CC60020BD8E /* Frameworks */ = {
			isa = PBXFrameworksBuildPhase;
			buildActionMask = 2147483647;
			files = (
			);
			runOnlyForDeploymentPostprocessing = 0;
		};
		DDD654311FCEDB4900737784 /* Frameworks */ = {
			isa = PBXFrameworksBuildPhase;
			buildActionMask = 2147483647;
			files = (
				DDB813A41FD58A120020BD8E /* KeychainAccess.framework in Frameworks */,
				DDD654521FCEDDED00737784 /* IDZSwiftCommonCrypto.framework in Frameworks */,
			);
			runOnlyForDeploymentPostprocessing = 0;
		};
/* End PBXFrameworksBuildPhase section */

/* Begin PBXGroup section */
		DDB813981FD56CC60020BD8E /* TestAppTests */ = {
			isa = PBXGroup;
			children = (
				DDB813991FD56CC60020BD8E /* CryptoTransformerTests.swift */,
				DDB8139B1FD56CC60020BD8E /* Info.plist */,
			);
			path = TestAppTests;
			sourceTree = "<group>";
		};
		DDD6542B1FCEDB4900737784 = {
			isa = PBXGroup;
			children = (
				DDB813981FD56CC60020BD8E /* TestAppTests */,
				DDD6544C1FCEDBF600737784 /* Frameworks */,
				DDD654361FCEDB4900737784 /* TestApp */,
				DDD654351FCEDB4900737784 /* Products */,
			);
			sourceTree = "<group>";
		};
		DDD654351FCEDB4900737784 /* Products */ = {
			isa = PBXGroup;
			children = (
				DDD654341FCEDB4900737784 /* TestApp.app */,
				DDB813971FD56CC60020BD8E /* TestAppTests.xctest */,
			);
			name = Products;
			sourceTree = "<group>";
		};
		DDD654361FCEDB4900737784 /* TestApp */ = {
			isa = PBXGroup;
			children = (
				DDD654371FCEDB4900737784 /* AppDelegate.swift */,
				DDD654391FCEDB4900737784 /* ViewController.swift */,
				DDD6543B1FCEDB4900737784 /* Main.storyboard */,
				DDD6543E1FCEDB4900737784 /* Assets.xcassets */,
				DDD654401FCEDB4900737784 /* LaunchScreen.storyboard */,
				DDD654431FCEDB4900737784 /* Info.plist */,
				DDD654491FCEDBC400737784 /* EncryptionValueTransformer.swift */,
				DDB813A51FD58A580020BD8E /* KeychainManager.swift */,
			);
			path = TestApp;
			sourceTree = "<group>";
		};
		DDD6544C1FCEDBF600737784 /* Frameworks */ = {
			isa = PBXGroup;
			children = (
				DDB813A31FD58A120020BD8E /* KeychainAccess.framework */,
				DDD654511FCEDDEC00737784 /* IDZSwiftCommonCrypto.framework */,
			);
			name = Frameworks;
			sourceTree = "<group>";
		};
/* End PBXGroup section */

/* Begin PBXNativeTarget section */
		DDB813961FD56CC60020BD8E /* TestAppTests */ = {
			isa = PBXNativeTarget;
			buildConfigurationList = DDB813A01FD56CC60020BD8E /* Build configuration list for PBXNativeTarget "TestAppTests" */;
			buildPhases = (
				DDB813931FD56CC60020BD8E /* Sources */,
				DDB813941FD56CC60020BD8E /* Frameworks */,
				DDB813951FD56CC60020BD8E /* Resources */,
			);
			buildRules = (
			);
			dependencies = (
				DDB8139D1FD56CC60020BD8E /* PBXTargetDependency */,
			);
			name = TestAppTests;
			productName = TestAppTests;
			productReference = DDB813971FD56CC60020BD8E /* TestAppTests.xctest */;
			productType = "com.apple.product-type.bundle.unit-test";
		};
		DDD654331FCEDB4900737784 /* TestApp */ = {
			isa = PBXNativeTarget;
			buildConfigurationList = DDD654461FCEDB4900737784 /* Build configuration list for PBXNativeTarget "TestApp" */;
			buildPhases = (
				DDD654301FCEDB4900737784 /* Sources */,
				DDD654311FCEDB4900737784 /* Frameworks */,
				DDD654321FCEDB4900737784 /* Resources */,
				DDD6544F1FCEDC0B00737784 /* Copy Carthage Frameworks */,
			);
			buildRules = (
			);
			dependencies = (
			);
			name = TestApp;
			productName = TestApp;
			productReference = DDD654341FCEDB4900737784 /* TestApp.app */;
			productType = "com.apple.product-type.application";
		};
/* End PBXNativeTarget section */

/* Begin PBXProject section */
		DDD6542C1FCEDB4900737784 /* Project object */ = {
			isa = PBXProject;
			attributes = {
				LastSwiftUpdateCheck = 0910;
				LastUpgradeCheck = 0910;
				ORGANIZATIONNAME = "Yaroslav Vorontsov";
				TargetAttributes = {
					DDB813961FD56CC60020BD8E = {
						CreatedOnToolsVersion = 9.1;
						ProvisioningStyle = Automatic;
						TestTargetID = DDD654331FCEDB4900737784;
					};
					DDD654331FCEDB4900737784 = {
						CreatedOnToolsVersion = 9.1;
						ProvisioningStyle = Automatic;
					};
				};
			};
			buildConfigurationList = DDD6542F1FCEDB4900737784 /* Build configuration list for PBXProject "TestApp" */;
			compatibilityVersion = "Xcode 8.0";
			developmentRegion = en;
			hasScannedForEncodings = 0;
			knownRegions = (
				en,
				Base,
			);
			mainGroup = DDD6542B1FCEDB4900737784;
			productRefGroup = DDD654351FCEDB4900737784 /* Products */;
			projectDirPath = "";
			projectRoot = "";
			targets = (
				DDD654331FCEDB4900737784 /* TestApp */,
				DDB813961FD56CC60020BD8E /* TestAppTests */,
			);
		};
/* End PBXProject section */

/* Begin PBXResourcesBuildPhase section */
		DDB813951FD56CC60020BD8E /* Resources */ = {
			isa = PBXResourcesBuildPhase;
			buildActionMask = 2147483647;
			files = (
			);
			runOnlyForDeploymentPostprocessing = 0;
		};
		DDD654321FCEDB4900737784 /* Resources */ = {
			isa = PBXResourcesBuildPhase;
			buildActionMask = 2147483647;
			files = (
				DDD654421FCEDB4900737784 /* LaunchScreen.storyboard in Resources */,
				DDD6543F1FCEDB4900737784 /* Assets.xcassets in Resources */,
				DDD6543D1FCEDB4900737784 /* Main.storyboard in Resources */,
			);
			runOnlyForDeploymentPostprocessing = 0;
		};
/* End PBXResourcesBuildPhase section */

/* Begin PBXShellScriptBuildPhase section */
		DDD6544F1FCEDC0B00737784 /* Copy Carthage Frameworks */ = {
			isa = PBXShellScriptBuildPhase;
			buildActionMask = 2147483647;
			files = (
			);
			inputPaths = (
				"$(SRCROOT)/../Carthage/Build/iOS/IDZSwiftCommonCrypto.framework",
				"$(SRCROOT)/../Carthage/Build/iOS/KeychainAccess.framework",
			);
			name = "Copy Carthage Frameworks";
			outputPaths = (
				"$(BUILT_PRODUCTS_DIR)/$(FRAMEWORKS_FOLDER_PATH)/IDZSwiftCommonCrypto.framework",
				"$(BUILT_PRODUCTS_DIR)/$(FRAMEWORKS_FOLDER_PATH)/KeychainAccess.framework",
			);
			runOnlyForDeploymentPostprocessing = 0;
			shellPath = /bin/sh;
			shellScript = "carthage copy-frameworks";
		};
/* End PBXShellScriptBuildPhase section */

/* Begin PBXSourcesBuildPhase section */
		DDB813931FD56CC60020BD8E /* Sources */ = {
			isa = PBXSourcesBuildPhase;
			buildActionMask = 2147483647;
			files = (
				DDB8139A1FD56CC60020BD8E /* CryptoTransformerTests.swift in Sources */,
			);
			runOnlyForDeploymentPostprocessing = 0;
		};
		DDD654301FCEDB4900737784 /* Sources */ = {
			isa = PBXSourcesBuildPhase;
			buildActionMask = 2147483647;
			files = (
				DDD6543A1FCEDB4900737784 /* ViewController.swift in Sources */,
				DDD6544A1FCEDBC400737784 /* EncryptionValueTransformer.swift in Sources */,
				DDD654381FCEDB4900737784 /* AppDelegate.swift in Sources */,
				DDB813A61FD58A580020BD8E /* KeychainManager.swift in Sources */,
			);
			runOnlyForDeploymentPostprocessing = 0;
		};
/* End PBXSourcesBuildPhase section */

/* Begin PBXTargetDependency section */
		DDB8139D1FD56CC60020BD8E /* PBXTargetDependency */ = {
			isa = PBXTargetDependency;
			target = DDD654331FCEDB4900737784 /* TestApp */;
			targetProxy = DDB8139C1FD56CC60020BD8E /* PBXContainerItemProxy */;
		};
/* End PBXTargetDependency section */

/* Begin PBXVariantGroup section */
		DDD6543B1FCEDB4900737784 /* Main.storyboard */ = {
			isa = PBXVariantGroup;
			children = (
				DDD6543C1FCEDB4900737784 /* Base */,
			);
			name = Main.storyboard;
			sourceTree = "<group>";
		};
		DDD654401FCEDB4900737784 /* LaunchScreen.storyboard */ = {
			isa = PBXVariantGroup;
			children = (
				DDD654411FCEDB4900737784 /* Base */,
			);
			name = LaunchScreen.storyboard;
			sourceTree = "<group>";
		};
/* End PBXVariantGroup section */

/* Begin XCBuildConfiguration section */
		DDB8139E1FD56CC60020BD8E /* Debug */ = {
			isa = XCBuildConfiguration;
			buildSettings = {
				BUNDLE_LOADER = "$(TEST_HOST)";
				CODE_SIGN_STYLE = Automatic;
				DEVELOPMENT_TEAM = G5EG5T3U3L;
				INFOPLIST_FILE = TestAppTests/Info.plist;
				LD_RUNPATH_SEARCH_PATHS = "$(inherited) @executable_path/Frameworks @loader_path/Frameworks";
				PRODUCT_BUNDLE_IDENTIFIER = com.dataart.TestAppTests;
				PRODUCT_NAME = "$(TARGET_NAME)";
				SWIFT_VERSION = 4.0;
				TARGETED_DEVICE_FAMILY = "1,2";
				TEST_HOST = "$(BUILT_PRODUCTS_DIR)/TestApp.app/TestApp";
			};
			name = Debug;
		};
		DDB8139F1FD56CC60020BD8E /* Release */ = {
			isa = XCBuildConfiguration;
			buildSettings = {
				BUNDLE_LOADER = "$(TEST_HOST)";
				CODE_SIGN_STYLE = Automatic;
				DEVELOPMENT_TEAM = G5EG5T3U3L;
				INFOPLIST_FILE = TestAppTests/Info.plist;
				LD_RUNPATH_SEARCH_PATHS = "$(inherited) @executable_path/Frameworks @loader_path/Frameworks";
				PRODUCT_BUNDLE_IDENTIFIER = com.dataart.TestAppTests;
				PRODUCT_NAME = "$(TARGET_NAME)";
				SWIFT_VERSION = 4.0;
				TARGETED_DEVICE_FAMILY = "1,2";
				TEST_HOST = "$(BUILT_PRODUCTS_DIR)/TestApp.app/TestApp";
			};
			name = Release;
		};
		DDD654441FCEDB4900737784 /* Debug */ = {
			isa = XCBuildConfiguration;
			buildSettings = {
				ALWAYS_SEARCH_USER_PATHS = NO;
				CLANG_ANALYZER_NONNULL = YES;
				CLANG_ANALYZER_NUMBER_OBJECT_CONVERSION = YES_AGGRESSIVE;
				CLANG_CXX_LANGUAGE_STANDARD = "gnu++14";
				CLANG_CXX_LIBRARY = "libc++";
				CLANG_ENABLE_MODULES = YES;
				CLANG_ENABLE_OBJC_ARC = YES;
				CLANG_WARN_BLOCK_CAPTURE_AUTORELEASING = YES;
				CLANG_WARN_BOOL_CONVERSION = YES;
				CLANG_WARN_COMMA = YES;
				CLANG_WARN_CONSTANT_CONVERSION = YES;
				CLANG_WARN_DIRECT_OBJC_ISA_USAGE = YES_ERROR;
				CLANG_WARN_DOCUMENTATION_COMMENTS = YES;
				CLANG_WARN_EMPTY_BODY = YES;
				CLANG_WARN_ENUM_CONVERSION = YES;
				CLANG_WARN_INFINITE_RECURSION = YES;
				CLANG_WARN_INT_CONVERSION = YES;
				CLANG_WARN_NON_LITERAL_NULL_CONVERSION = YES;
				CLANG_WARN_OBJC_LITERAL_CONVERSION = YES;
				CLANG_WARN_OBJC_ROOT_CLASS = YES_ERROR;
				CLANG_WARN_RANGE_LOOP_ANALYSIS = YES;
				CLANG_WARN_STRICT_PROTOTYPES = YES;
				CLANG_WARN_SUSPICIOUS_MOVE = YES;
				CLANG_WARN_UNGUARDED_AVAILABILITY = YES_AGGRESSIVE;
				CLANG_WARN_UNREACHABLE_CODE = YES;
				CLANG_WARN__DUPLICATE_METHOD_MATCH = YES;
				CODE_SIGN_IDENTITY = "iPhone Developer";
				COPY_PHASE_STRIP = NO;
				DEBUG_INFORMATION_FORMAT = dwarf;
				ENABLE_STRICT_OBJC_MSGSEND = YES;
				ENABLE_TESTABILITY = YES;
				FRAMEWORK_SEARCH_PATHS = "\"$(SRCROOT)/../Carthage/Build/iOS\"";
				GCC_C_LANGUAGE_STANDARD = gnu11;
				GCC_DYNAMIC_NO_PIC = NO;
				GCC_NO_COMMON_BLOCKS = YES;
				GCC_OPTIMIZATION_LEVEL = 0;
				GCC_PREPROCESSOR_DEFINITIONS = (
					"DEBUG=1",
					"$(inherited)",
				);
				GCC_WARN_64_TO_32_BIT_CONVERSION = YES;
				GCC_WARN_ABOUT_RETURN_TYPE = YES_ERROR;
				GCC_WARN_UNDECLARED_SELECTOR = YES;
				GCC_WARN_UNINITIALIZED_AUTOS = YES_AGGRESSIVE;
				GCC_WARN_UNUSED_FUNCTION = YES;
				GCC_WARN_UNUSED_VARIABLE = YES;
				IPHONEOS_DEPLOYMENT_TARGET = 11.1;
				MTL_ENABLE_DEBUG_INFO = YES;
				ONLY_ACTIVE_ARCH = YES;
				SDKROOT = iphoneos;
				SWIFT_ACTIVE_COMPILATION_CONDITIONS = DEBUG;
				SWIFT_OPTIMIZATION_LEVEL = "-Onone";
			};
			name = Debug;
		};
		DDD654451FCEDB4900737784 /* Release */ = {
			isa = XCBuildConfiguration;
			buildSettings = {
				ALWAYS_SEARCH_USER_PATHS = NO;
				CLANG_ANALYZER_NONNULL = YES;
				CLANG_ANALYZER_NUMBER_OBJECT_CONVERSION = YES_AGGRESSIVE;
				CLANG_CXX_LANGUAGE_STANDARD = "gnu++14";
				CLANG_CXX_LIBRARY = "libc++";
				CLANG_ENABLE_MODULES = YES;
				CLANG_ENABLE_OBJC_ARC = YES;
				CLANG_WARN_BLOCK_CAPTURE_AUTORELEASING = YES;
				CLANG_WARN_BOOL_CONVERSION = YES;
				CLANG_WARN_COMMA = YES;
				CLANG_WARN_CONSTANT_CONVERSION = YES;
				CLANG_WARN_DIRECT_OBJC_ISA_USAGE = YES_ERROR;
				CLANG_WARN_DOCUMENTATION_COMMENTS = YES;
				CLANG_WARN_EMPTY_BODY = YES;
				CLANG_WARN_ENUM_CONVERSION = YES;
				CLANG_WARN_INFINITE_RECURSION = YES;
				CLANG_WARN_INT_CONVERSION = YES;
				CLANG_WARN_NON_LITERAL_NULL_CONVERSION = YES;
				CLANG_WARN_OBJC_LITERAL_CONVERSION = YES;
				CLANG_WARN_OBJC_ROOT_CLASS = YES_ERROR;
				CLANG_WARN_RANGE_LOOP_ANALYSIS = YES;
				CLANG_WARN_STRICT_PROTOTYPES = YES;
				CLANG_WARN_SUSPICIOUS_MOVE = YES;
				CLANG_WARN_UNGUARDED_AVAILABILITY = YES_AGGRESSIVE;
				CLANG_WARN_UNREACHABLE_CODE = YES;
				CLANG_WARN__DUPLICATE_METHOD_MATCH = YES;
				CODE_SIGN_IDENTITY = "iPhone Developer";
				COPY_PHASE_STRIP = NO;
				DEBUG_INFORMATION_FORMAT = "dwarf-with-dsym";
				ENABLE_NS_ASSERTIONS = NO;
				ENABLE_STRICT_OBJC_MSGSEND = YES;
				FRAMEWORK_SEARCH_PATHS = "\"$(SRCROOT)/../Carthage/Build/iOS\"";
				GCC_C_LANGUAGE_STANDARD = gnu11;
				GCC_NO_COMMON_BLOCKS = YES;
				GCC_WARN_64_TO_32_BIT_CONVERSION = YES;
				GCC_WARN_ABOUT_RETURN_TYPE = YES_ERROR;
				GCC_WARN_UNDECLARED_SELECTOR = YES;
				GCC_WARN_UNINITIALIZED_AUTOS = YES_AGGRESSIVE;
				GCC_WARN_UNUSED_FUNCTION = YES;
				GCC_WARN_UNUSED_VARIABLE = YES;
				IPHONEOS_DEPLOYMENT_TARGET = 11.1;
				MTL_ENABLE_DEBUG_INFO = NO;
				SDKROOT = iphoneos;
				SWIFT_OPTIMIZATION_LEVEL = "-Owholemodule";
				VALIDATE_PRODUCT = YES;
			};
			name = Release;
		};
		DDD654471FCEDB4900737784 /* Debug */ = {
			isa = XCBuildConfiguration;
			buildSettings = {
				ASSETCATALOG_COMPILER_APPICON_NAME = AppIcon;
				CODE_SIGN_STYLE = Automatic;
				DEVELOPMENT_TEAM = G5EG5T3U3L;
				INFOPLIST_FILE = TestApp/Info.plist;
				LD_RUNPATH_SEARCH_PATHS = "$(inherited) @executable_path/Frameworks";
				PRODUCT_BUNDLE_IDENTIFIER = com.dataart.TestApp;
				PRODUCT_NAME = "$(TARGET_NAME)";
				SWIFT_VERSION = 4.0;
				TARGETED_DEVICE_FAMILY = "1,2";
			};
			name = Debug;
		};
		DDD654481FCEDB4900737784 /* Release */ = {
			isa = XCBuildConfiguration;
			buildSettings = {
				ASSETCATALOG_COMPILER_APPICON_NAME = AppIcon;
				CODE_SIGN_STYLE = Automatic;
				DEVELOPMENT_TEAM = G5EG5T3U3L;
				INFOPLIST_FILE = TestApp/Info.plist;
				LD_RUNPATH_SEARCH_PATHS = "$(inherited) @executable_path/Frameworks";
				PRODUCT_BUNDLE_IDENTIFIER = com.dataart.TestApp;
				PRODUCT_NAME = "$(TARGET_NAME)";
				SWIFT_VERSION = 4.0;
				TARGETED_DEVICE_FAMILY = "1,2";
			};
			name = Release;
		};
/* End XCBuildConfiguration section */

/* Begin XCConfigurationList section */
		DDB813A01FD56CC60020BD8E /* Build configuration list for PBXNativeTarget "TestAppTests" */ = {
			isa = XCConfigurationList;
			buildConfigurations = (
				DDB8139E1FD56CC60020BD8E /* Debug */,
				DDB8139F1FD56CC60020BD8E /* Release */,
			);
			defaultConfigurationIsVisible = 0;
			defaultConfigurationName = Release;
		};
		DDD6542F1FCEDB4900737784 /* Build configuration list for PBXProject "TestApp" */ = {
			isa = XCConfigurationList;
			buildConfigurations = (
				DDD654441FCEDB4900737784 /* Debug */,
				DDD654451FCEDB4900737784 /* Release */,
			);
			defaultConfigurationIsVisible = 0;
			defaultConfigurationName = Release;
		};
		DDD654461FCEDB4900737784 /* Build configuration list for PBXNativeTarget "TestApp" */ = {
			isa = XCConfigurationList;
			buildConfigurations = (
				DDD654471FCEDB4900737784 /* Debug */,
				DDD654481FCEDB4900737784 /* Release */,
			);
			defaultConfigurationIsVisible = 0;
			defaultConfigurationName = Release;
		};
/* End XCConfigurationList section */
	};
	rootObject = DDD6542C1FCEDB4900737784 /* Project object */;
}
